
Microsoft Visual Studio Solution File, Format Version 12.00
# Visual Studio Version 16
VisualStudioVersion = 16.0.31729.503
MinimumVisualStudioVersion = 10.0.40219.1
Project("{FAE04EC0-301F-11D3-BF4B-00C04F79EFBC}") = "NordKlan", "NordKlan\NordKlan.csproj", "{44AD16AF-E8F5-4359-B6F6-EB334028F688}"
EndProject
Global
	GlobalSection(SolutionConfigurationPlatforms) = preSolution
		Debug|Any CPU = Debug|Any CPU
		Release|Any CPU = Release|Any CPU
	EndGlobalSection
	GlobalSection(ProjectConfigurationPlatforms) = postSolution
		{44AD16AF-E8F5-4359-B6F6-EB334028F688}.Debug|Any CPU.ActiveCfg = Debug|Any CPU
		{44AD16AF-E8F5-4359-B6F6-EB334028F688}.Debug|Any CPU.Build.0 = Debug|Any CPU
		{44AD16AF-E8F5-4359-B6F6-EB334028F688}.Release|Any CPU.ActiveCfg = Release|Any CPU
		{44AD16AF-E8F5-4359-B6F6-EB334028F688}.Release|Any CPU.Build.0 = Release|Any CPU
	EndGlobalSection
	GlobalSection(SolutionProperties) = preSolution
		HideSolutionNode = FALSE
	EndGlobalSection
	GlobalSection(ExtensibilityGlobals) = postSolution
		SolutionGuid = {76ECDB54-C919-41AB-8A2F-523358109341}
	EndGlobalSection
EndGlobal
